// !$*UTF8*$!
{
	archiveVersion = 1;
	classes = {
	};
	objectVersion = 46;
	objects = {

/* Begin PBXBuildFile section */
		801E1A0C19238F2A00007C61 /* simplex_basic.c in Sources */ = {isa = PBXBuildFile; fileRef = 801E1A0B19238F2A00007C61 /* simplex_basic.c */; };
		805E4A00194DCE08008B3374 /* polytop_struct.c in Sources */ = {isa = PBXBuildFile; fileRef = 805E49FF194DCE08008B3374 /* polytop_struct.c */; };
		808FCC10190036C900BE0536 /* strmap.c in Sources */ = {isa = PBXBuildFile; fileRef = 808FCC0E190036C900BE0536 /* strmap.c */; };
		80A2816319238B8C00A906E9 /* generate_complex.c in Sources */ = {isa = PBXBuildFile; fileRef = 80A2816219238B8C00A906E9 /* generate_complex.c */; };
		80AF0C8A1913F18B00DF62B4 /* complex_struct.c in Sources */ = {isa = PBXBuildFile; fileRef = 80AF0C891913F18B00DF62B4 /* complex_struct.c */; };
		80C404D819178F4000ED624D /* file_util.c in Sources */ = {isa = PBXBuildFile; fileRef = 80C404D719178F4000ED624D /* file_util.c */; };
		80DDCA34184F05B300284F59 /* main.c in Sources */ = {isa = PBXBuildFile; fileRef = 80DDCA33184F05B300284F59 /* main.c */; };
		80DDCA3D184F0D6500284F59 /* simplex.c in Sources */ = {isa = PBXBuildFile; fileRef = 80DDCA3C184F0D6500284F59 /* simplex.c */; };
/* End PBXBuildFile section */

/* Begin PBXCopyFilesBuildPhase section */
		80DDCA2E184F05B300284F59 /* CopyFiles */ = {
			isa = PBXCopyFilesBuildPhase;
			buildActionMask = 2147483647;
			dstPath = /usr/share/man/man1/;
			dstSubfolderSpec = 0;
			files = (
			);
			runOnlyForDeploymentPostprocessing = 1;
		};
/* End PBXCopyFilesBuildPhase section */

/* Begin PBXFileReference section */
		801E1A0B19238F2A00007C61 /* simplex_basic.c */ = {isa = PBXFileReference; fileEncoding = 4; lastKnownFileType = sourcecode.c.c; path = simplex_basic.c; sourceTree = "<group>"; };
		801E1A0D19238F3900007C61 /* simplex_basic.h */ = {isa = PBXFileReference; lastKnownFileType = sourcecode.c.h; path = simplex_basic.h; sourceTree = "<group>"; };
		805E49FE194DCDFE008B3374 /* polytop_struct.h */ = {isa = PBXFileReference; explicitFileType = text; path = polytop_struct.h; sourceTree = "<group>"; };
		805E49FF194DCE08008B3374 /* polytop_struct.c */ = {isa = PBXFileReference; explicitFileType = text; fileEncoding = 4; path = polytop_struct.c; sourceTree = "<group>"; };
		808FCC0E190036C900BE0536 /* strmap.c */ = {isa = PBXFileReference; fileEncoding = 4; lastKnownFileType = sourcecode.c.c; path = strmap.c; sourceTree = "<group>"; };
		808FCC0F190036C900BE0536 /* strmap.h */ = {isa = PBXFileReference; fileEncoding = 4; lastKnownFileType = sourcecode.c.h; path = strmap.h; sourceTree = "<group>"; };
		80A2816119238B8200A906E9 /* generate_complex.h */ = {isa = PBXFileReference; lastKnownFileType = sourcecode.c.h; path = generate_complex.h; sourceTree = "<group>"; };
		80A2816219238B8C00A906E9 /* generate_complex.c */ = {isa = PBXFileReference; fileEncoding = 4; lastKnownFileType = sourcecode.c.c; path = generate_complex.c; sourceTree = "<group>"; };
		80AF0C881913F18300DF62B4 /* complex_struct.h */ = {isa = PBXFileReference; lastKnownFileType = sourcecode.c.h; path = complex_struct.h; sourceTree = "<group>"; };
		80AF0C891913F18B00DF62B4 /* complex_struct.c */ = {isa = PBXFileReference; fileEncoding = 4; lastKnownFileType = sourcecode.c.c; path = complex_struct.c; sourceTree = "<group>"; };
		80C404D719178F4000ED624D /* file_util.c */ = {isa = PBXFileReference; fileEncoding = 4; lastKnownFileType = sourcecode.c.c; path = file_util.c; sourceTree = "<group>"; };
		80C404D919178F4A00ED624D /* file_util.h */ = {isa = PBXFileReference; lastKnownFileType = sourcecode.c.h; path = file_util.h; sourceTree = "<group>"; };
		80DDCA30184F05B300284F59 /* HomCalculation */ = {isa = PBXFileReference; explicitFileType = "compiled.mach-o.executable"; includeInIndex = 0; path = HomCalculation; sourceTree = BUILT_PRODUCTS_DIR; };
		80DDCA33184F05B300284F59 /* main.c */ = {isa = PBXFileReference; lastKnownFileType = sourcecode.c.c; path = main.c; sourceTree = "<group>"; };
		80DDCA3C184F0D6500284F59 /* simplex.c */ = {isa = PBXFileReference; fileEncoding = 4; lastKnownFileType = sourcecode.c.c; path = simplex.c; sourceTree = "<group>"; };
		80DDCA3E184F0D7600284F59 /* simplex.h */ = {isa = PBXFileReference; lastKnownFileType = sourcecode.c.h; path = simplex.h; sourceTree = "<group>"; };
/* End PBXFileReference section */

/* Begin PBXFrameworksBuildPhase section */
		80DDCA2D184F05B300284F59 /* Frameworks */ = {
			isa = PBXFrameworksBuildPhase;
			buildActionMask = 2147483647;
			files = (
			);
			runOnlyForDeploymentPostprocessing = 0;
		};
/* End PBXFrameworksBuildPhase section */

/* Begin PBXGroup section */
		80DDCA27184F05B300284F59 = {
			isa = PBXGroup;
			children = (
				80DDCA32184F05B300284F59 /* HomCalculation */,
				80DDCA31184F05B300284F59 /* Products */,
			);
			sourceTree = "<group>";
		};
		80DDCA31184F05B300284F59 /* Products */ = {
			isa = PBXGroup;
			children = (
				80DDCA30184F05B300284F59 /* HomCalculation */,
			);
			name = Products;
			sourceTree = "<group>";
		};
		80DDCA32184F05B300284F59 /* HomCalculation */ = {
			isa = PBXGroup;
			children = (
				808FCC0E190036C900BE0536 /* strmap.c */,
				808FCC0F190036C900BE0536 /* strmap.h */,
				80DDCA33184F05B300284F59 /* main.c */,
				80DDCA3E184F0D7600284F59 /* simplex.h */,
				80DDCA3C184F0D6500284F59 /* simplex.c */,
				805E49FE194DCDFE008B3374 /* polytop_struct.h */,
				805E49FF194DCE08008B3374 /* polytop_struct.c */,
				80AF0C881913F18300DF62B4 /* complex_struct.h */,
				80AF0C891913F18B00DF62B4 /* complex_struct.c */,
				801E1A0D19238F3900007C61 /* simplex_basic.h */,
				801E1A0B19238F2A00007C61 /* simplex_basic.c */,
				80C404D919178F4A00ED624D /* file_util.h */,
				80C404D719178F4000ED624D /* file_util.c */,
				80A2816119238B8200A906E9 /* generate_complex.h */,
				80A2816219238B8C00A906E9 /* generate_complex.c */,
			);
			path = HomCalculation;
			sourceTree = "<group>";
		};
/* End PBXGroup section */

/* Begin PBXNativeTarget section */
		80DDCA2F184F05B300284F59 /* HomCalculation */ = {
			isa = PBXNativeTarget;
			buildConfigurationList = 80DDCA39184F05B300284F59 /* Build configuration list for PBXNativeTarget "HomCalculation" */;
			buildPhases = (
				80DDCA2C184F05B300284F59 /* Sources */,
				80DDCA2D184F05B300284F59 /* Frameworks */,
				80DDCA2E184F05B300284F59 /* CopyFiles */,
			);
			buildRules = (
			);
			dependencies = (
			);
			name = HomCalculation;
			productName = HomCalculation;
			productReference = 80DDCA30184F05B300284F59 /* HomCalculation */;
			productType = "com.apple.product-type.tool";
		};
/* End PBXNativeTarget section */

/* Begin PBXProject section */
		80DDCA28184F05B300284F59 /* Project object */ = {
			isa = PBXProject;
			attributes = {
				LastUpgradeCheck = 0510;
				ORGANIZATIONNAME = "Luka Dodelia";
			};
			buildConfigurationList = 80DDCA2B184F05B300284F59 /* Build configuration list for PBXProject "HomCalculation" */;
			compatibilityVersion = "Xcode 3.2";
			developmentRegion = English;
			hasScannedForEncodings = 0;
			knownRegions = (
				en,
			);
			mainGroup = 80DDCA27184F05B300284F59;
			productRefGroup = 80DDCA31184F05B300284F59 /* Products */;
			projectDirPath = "";
			projectRoot = "";
			targets = (
				80DDCA2F184F05B300284F59 /* HomCalculation */,
			);
		};
/* End PBXProject section */

/* Begin PBXSourcesBuildPhase section */
		80DDCA2C184F05B300284F59 /* Sources */ = {
			isa = PBXSourcesBuildPhase;
			buildActionMask = 2147483647;
			files = (
				80DDCA3D184F0D6500284F59 /* simplex.c in Sources */,
				80A2816319238B8C00A906E9 /* generate_complex.c in Sources */,
				80AF0C8A1913F18B00DF62B4 /* complex_struct.c in Sources */,
				801E1A0C19238F2A00007C61 /* simplex_basic.c in Sources */,
				805E4A00194DCE08008B3374 /* polytop_struct.c in Sources */,
				80DDCA34184F05B300284F59 /* main.c in Sources */,
				80C404D819178F4000ED624D /* file_util.c in Sources */,
				808FCC10190036C900BE0536 /* strmap.c in Sources */,
			);
			runOnlyForDeploymentPostprocessing = 0;
		};
/* End PBXSourcesBuildPhase section */

/* Begin XCBuildConfiguration section */
		80DDCA37184F05B300284F59 /* Debug */ = {
			isa = XCBuildConfiguration;
			buildSettings = {
				ALWAYS_SEARCH_USER_PATHS = NO;
				CLANG_CXX_LANGUAGE_STANDARD = "gnu++0x";
				CLANG_CXX_LIBRARY = "libstdc++";
				CLANG_ENABLE_OBJC_ARC = NO;
				CLANG_WARN_BOOL_CONVERSION = YES;
				CLANG_WARN_CONSTANT_CONVERSION = YES;
				CLANG_WARN_DIRECT_OBJC_ISA_USAGE = YES_ERROR;
				CLANG_WARN_EMPTY_BODY = YES;
				CLANG_WARN_ENUM_CONVERSION = YES;
				CLANG_WARN_INT_CONVERSION = YES;
				CLANG_WARN_OBJC_ROOT_CLASS = YES_ERROR;
				CLANG_WARN__DUPLICATE_METHOD_MATCH = YES;
				COPY_PHASE_STRIP = NO;
				GCC_C_LANGUAGE_STANDARD = gnu99;
				GCC_DYNAMIC_NO_PIC = NO;
				GCC_ENABLE_OBJC_EXCEPTIONS = YES;
				GCC_OPTIMIZATION_LEVEL = 0;
				GCC_PREPROCESSOR_DEFINITIONS = (
					"DEBUG=1",
					"$(inherited)",
				);
				GCC_SYMBOLS_PRIVATE_EXTERN = NO;
				GCC_VERSION = 4.5;
				GCC_WARN_64_TO_32_BIT_CONVERSION = YES;
				GCC_WARN_ABOUT_RETURN_TYPE = YES_ERROR;
				GCC_WARN_UNDECLARED_SELECTOR = YES;
				GCC_WARN_UNINITIALIZED_AUTOS = YES;
				GCC_WARN_UNUSED_FUNCTION = YES;
				GCC_WARN_UNUSED_VARIABLE = YES;
				HEADER_SEARCH_PATHS = (
					"$(inherited)",
					/Applications/Xcode.app/Contents/Developer/Toolchains/XcodeDefault.xctoolchain/usr/include,
					"/usr/lib/gcc/i686-apple-darwin11/4.2.1/include/",
				);
				LIBRARY_SEARCH_PATHS = "${SOURCE_ROOT}/Framework/Classes";
				LINK_WITH_STANDARD_LIBRARIES = YES;
				MACOSX_DEPLOYMENT_TARGET = 10.9;
				ONLY_ACTIVE_ARCH = YES;
				OTHER_CFLAGS = "-fopenmp";
				SDKROOT = macosx;
			};
			name = Debug;
		};
		80DDCA38184F05B300284F59 /* Release */ = {
			isa = XCBuildConfiguration;
			buildSettings = {
				ALWAYS_SEARCH_USER_PATHS = NO;
				CLANG_CXX_LANGUAGE_STANDARD = "gnu++0x";
				CLANG_CXX_LIBRARY = "libstdc++";
				CLANG_ENABLE_OBJC_ARC = NO;
				CLANG_WARN_BOOL_CONVERSION = YES;
				CLANG_WARN_CONSTANT_CONVERSION = YES;
				CLANG_WARN_DIRECT_OBJC_ISA_USAGE = YES_ERROR;
				CLANG_WARN_EMPTY_BODY = YES;
				CLANG_WARN_ENUM_CONVERSION = YES;
				CLANG_WARN_INT_CONVERSION = YES;
				CLANG_WARN_OBJC_ROOT_CLASS = YES_ERROR;
				CLANG_WARN__DUPLICATE_METHOD_MATCH = YES;
				COPY_PHASE_STRIP = YES;
				DEBUG_INFORMATION_FORMAT = "dwarf-with-dsym";
				ENABLE_NS_ASSERTIONS = NO;
				GCC_C_LANGUAGE_STANDARD = gnu99;
				GCC_ENABLE_OBJC_EXCEPTIONS = YES;
				GCC_VERSION = 4.5;
				GCC_WARN_64_TO_32_BIT_CONVERSION = YES;
				GCC_WARN_ABOUT_RETURN_TYPE = YES_ERROR;
				GCC_WARN_UNDECLARED_SELECTOR = YES;
				GCC_WARN_UNINITIALIZED_AUTOS = YES;
				GCC_WARN_UNUSED_FUNCTION = YES;
				GCC_WARN_UNUSED_VARIABLE = YES;
				HEADER_SEARCH_PATHS = (
					"$(inherited)",
					/Applications/Xcode.app/Contents/Developer/Toolchains/XcodeDefault.xctoolchain/usr/include,
					"/usr/lib/gcc/i686-apple-darwin11/4.2.1/include/",
				);
				LIBRARY_SEARCH_PATHS = "${SOURCE_ROOT}/Framework/Classes";
				LINK_WITH_STANDARD_LIBRARIES = YES;
				MACOSX_DEPLOYMENT_TARGET = 10.9;
				OTHER_CFLAGS = "-fopenmp";
				SDKROOT = macosx;
			};
			name = Release;
		};
		80DDCA3A184F05B300284F59 /* Debug */ = {
			isa = XCBuildConfiguration;
			buildSettings = {
				GCC_VERSION = com.apple.compilers.llvm.clang.1_0;
				PRODUCT_NAME = "$(TARGET_NAME)";
			};
			name = Debug;
		};
		80DDCA3B184F05B300284F59 /* Release */ = {
			isa = XCBuildConfiguration;
			buildSettings = {
				GCC_VERSION = com.apple.compilers.llvm.clang.1_0;
				PRODUCT_NAME = "$(TARGET_NAME)";
			};
			name = Release;
		};
/* End XCBuildConfiguration section */

/* Begin XCConfigurationList section */
		80DDCA2B184F05B300284F59 /* Build configuration list for PBXProject "HomCalculation" */ = {
			isa = XCConfigurationList;
			buildConfigurations = (
				80DDCA37184F05B300284F59 /* Debug */,
				80DDCA38184F05B300284F59 /* Release */,
			);
			defaultConfigurationIsVisible = 0;
			defaultConfigurationName = Release;
		};
		80DDCA39184F05B300284F59 /* Build configuration list for PBXNativeTarget "HomCalculation" */ = {
			isa = XCConfigurationList;
			buildConfigurations = (
				80DDCA3A184F05B300284F59 /* Debug */,
				80DDCA3B184F05B300284F59 /* Release */,
			);
			defaultConfigurationIsVisible = 0;
			defaultConfigurationName = Release;
		};
/* End XCConfigurationList section */
	};
	rootObject = 80DDCA28184F05B300284F59 /* Project object */;
}
